// !$*UTF8*$!
{
	archiveVersion = 1;
	classes = {
	};
	objectVersion = 46;
	objects = {

/* Begin PBXBuildFile section */
		A30CD95D1BC47ABE002536EE /* SceneKit.framework in Frameworks */ = {isa = PBXBuildFile; fileRef = A30CD95C1BC47ABE002536EE /* SceneKit.framework */; };
		A335C17D1BC2A13F009AB7A3 /* Extensions.swift in Sources */ = {isa = PBXBuildFile; fileRef = A335C17C1BC2A13F009AB7A3 /* Extensions.swift */; settings = {ASSET_TAGS = (); }; };
		A36962DD1BBD19CB00F9F4EC /* AppDelegate.swift in Sources */ = {isa = PBXBuildFile; fileRef = A36962DC1BBD19CB00F9F4EC /* AppDelegate.swift */; };
		A36962DF1BBD19CB00F9F4EC /* ViewController.swift in Sources */ = {isa = PBXBuildFile; fileRef = A36962DE1BBD19CB00F9F4EC /* ViewController.swift */; };
		A36962E11BBD19CB00F9F4EC /* PSSGDocument.swift in Sources */ = {isa = PBXBuildFile; fileRef = A36962E01BBD19CB00F9F4EC /* PSSGDocument.swift */; };
		A36962E31BBD19CB00F9F4EC /* Assets.xcassets in Resources */ = {isa = PBXBuildFile; fileRef = A36962E21BBD19CB00F9F4EC /* Assets.xcassets */; };
		A36962E61BBD19CB00F9F4EC /* Main.storyboard in Resources */ = {isa = PBXBuildFile; fileRef = A36962E41BBD19CB00F9F4EC /* Main.storyboard */; };
		A36962F11BBD19CB00F9F4EC /* EgoEditorTests.swift in Sources */ = {isa = PBXBuildFile; fileRef = A36962F01BBD19CB00F9F4EC /* EgoEditorTests.swift */; };
		A36979B71BBE1B4200420595 /* NSData+Extensions.swift in Sources */ = {isa = PBXBuildFile; fileRef = A36979B61BBE1B4200420595 /* NSData+Extensions.swift */; settings = {ASSET_TAGS = (); }; };
		A36979B91BBE253F00420595 /* SceneEditorViewController.swift in Sources */ = {isa = PBXBuildFile; fileRef = A36979B81BBE253F00420595 /* SceneEditorViewController.swift */; settings = {ASSET_TAGS = (); }; };
		A36979BB1BBE2DF600420595 /* SceneEditorView.swift in Sources */ = {isa = PBXBuildFile; fileRef = A36979BA1BBE2DF600420595 /* SceneEditorView.swift */; settings = {ASSET_TAGS = (); }; };
		A36979BD1BBE2F2100420595 /* PSSGErrorTypes.swift in Sources */ = {isa = PBXBuildFile; fileRef = A36979BC1BBE2F2100420595 /* PSSGErrorTypes.swift */; settings = {ASSET_TAGS = (); }; };
		A36979BF1BBE354000420595 /* PSSGFile+GeometrySource.swift in Sources */ = {isa = PBXBuildFile; fileRef = A36979BE1BBE354000420595 /* PSSGFile+GeometrySource.swift */; settings = {ASSET_TAGS = (); }; };
		A36979C71BBE562400420595 /* ByteBuffer.swift in Sources */ = {isa = PBXBuildFile; fileRef = A36979C11BBE562400420595 /* ByteBuffer.swift */; settings = {ASSET_TAGS = (); }; };
		A36979C81BBE562400420595 /* ByteOrder.swift in Sources */ = {isa = PBXBuildFile; fileRef = A36979C21BBE562400420595 /* ByteOrder.swift */; settings = {ASSET_TAGS = (); }; };
		A36979C91BBE562400420595 /* Info_iOS.plist in Resources */ = {isa = PBXBuildFile; fileRef = A36979C31BBE562400420595 /* Info_iOS.plist */; settings = {ASSET_TAGS = (); }; };
		A36979CA1BBE562400420595 /* Info_OSX.plist in Resources */ = {isa = PBXBuildFile; fileRef = A36979C41BBE562400420595 /* Info_OSX.plist */; settings = {ASSET_TAGS = (); }; };
		A36979CB1BBE562400420595 /* IntegerString.swift in Sources */ = {isa = PBXBuildFile; fileRef = A36979C51BBE562400420595 /* IntegerString.swift */; settings = {ASSET_TAGS = (); }; };
		A37BB2FF1BC741C800A81D98 /* pssg.xsd in Resources */ = {isa = PBXBuildFile; fileRef = A37BB2FE1BC741C800A81D98 /* pssg.xsd */; settings = {ASSET_TAGS = (); }; };
		A38468481BC31D740001B3CA /* HalfTests.swift in Sources */ = {isa = PBXBuildFile; fileRef = A38468471BC31D740001B3CA /* HalfTests.swift */; settings = {ASSET_TAGS = (); }; };
		A3853EFE1BC0C36F00781C83 /* 6r4_highlod.dae in Resources */ = {isa = PBXBuildFile; fileRef = A3853EFD1BC0C36F00781C83 /* 6r4_highlod.dae */; settings = {ASSET_TAGS = (); }; };
		A388D4AC1BBD69AA005B5934 /* FileHandle.swift in Sources */ = {isa = PBXBuildFile; fileRef = A388D4AB1BBD69AA005B5934 /* FileHandle.swift */; settings = {ASSET_TAGS = (); }; };
		A388D4AE1BBD69B9005B5934 /* PSSGFile.swift in Sources */ = {isa = PBXBuildFile; fileRef = A388D4AD1BBD69B9005B5934 /* PSSGFile.swift */; settings = {ASSET_TAGS = (); }; };
		A388D4B01BBD69C0005B5934 /* PSSGSchema.swift in Sources */ = {isa = PBXBuildFile; fileRef = A388D4AF1BBD69C0005B5934 /* PSSGSchema.swift */; settings = {ASSET_TAGS = (); }; };
		A388D4B41BBD739F005B5934 /* EEWindowController.swift in Sources */ = {isa = PBXBuildFile; fileRef = A388D4B31BBD739F005B5934 /* EEWindowController.swift */; settings = {ASSET_TAGS = (); }; };
		A391E4B11BC393AC00D3943F /* dds.m in Sources */ = {isa = PBXBuildFile; fileRef = A391E4B01BC393AC00D3943F /* dds.m */; settings = {ASSET_TAGS = (); }; };
		A392078B1BC3A404008C3613 /* DDSFile.swift in Sources */ = {isa = PBXBuildFile; fileRef = A392078A1BC3A404008C3613 /* DDSFile.swift */; settings = {ASSET_TAGS = (); }; };
		A3954EBF1BBFA69B0069FB28 /* MainEditorViewController.swift in Sources */ = {isa = PBXBuildFile; fileRef = A3954EBE1BBFA69B0069FB28 /* MainEditorViewController.swift */; settings = {ASSET_TAGS = (); }; };
		A3AB4C021BC3616A0080BD3F /* TextureSource.swift in Sources */ = {isa = PBXBuildFile; fileRef = A3AB4C011BC3616A0080BD3F /* TextureSource.swift */; settings = {ASSET_TAGS = (); }; };
		A3C552EA1BC26D9900087340 /* NSData+GZIP.swift in Sources */ = {isa = PBXBuildFile; fileRef = A3C552E91BC26D9900087340 /* NSData+GZIP.swift */; settings = {ASSET_TAGS = (); }; };
		A3C552EC1BC2711000087340 /* libz.tbd in Frameworks */ = {isa = PBXBuildFile; fileRef = A3C552EB1BC2711000087340 /* libz.tbd */; };
		A3C552EE1BC274FB00087340 /* ByteBuffer+FileHandle.swift in Sources */ = {isa = PBXBuildFile; fileRef = A3C552ED1BC274FB00087340 /* ByteBuffer+FileHandle.swift */; settings = {ASSET_TAGS = (); }; };
		A3D119661BC6203D0035767A /* PSSGFile+ImageAssetSource.swift in Sources */ = {isa = PBXBuildFile; fileRef = A3D119651BC6203D0035767A /* PSSGFile+ImageAssetSource.swift */; settings = {ASSET_TAGS = (); }; };
		A3F127961BBF6A3B00105254 /* scene3.dae in Resources */ = {isa = PBXBuildFile; fileRef = A3F127951BBF6A3B00105254 /* scene3.dae */; settings = {ASSET_TAGS = (); }; };
/* End PBXBuildFile section */

/* Begin PBXContainerItemProxy section */
		A36962ED1BBD19CB00F9F4EC /* PBXContainerItemProxy */ = {
			isa = PBXContainerItemProxy;
			containerPortal = A36962D11BBD19CB00F9F4EC /* Project object */;
			proxyType = 1;
			remoteGlobalIDString = A36962D81BBD19CB00F9F4EC;
			remoteInfo = EgoEditor;
		};
/* End PBXContainerItemProxy section */

/* Begin PBXFileReference section */
		A30CD95C1BC47ABE002536EE /* SceneKit.framework */ = {isa = PBXFileReference; lastKnownFileType = wrapper.framework; name = SceneKit.framework; path = System/Library/Frameworks/SceneKit.framework; sourceTree = SDKROOT; };
		A335C17C1BC2A13F009AB7A3 /* Extensions.swift */ = {isa = PBXFileReference; fileEncoding = 4; lastKnownFileType = sourcecode.swift; path = Extensions.swift; sourceTree = "<group>"; };
		A33D70D21BC4754300B2A482 /* include.h */ = {isa = PBXFileReference; fileEncoding = 4; lastKnownFileType = sourcecode.c.h; path = include.h; sourceTree = "<group>"; };
		A33D70D31BC4754300B2A482 /* module.modulemap */ = {isa = PBXFileReference; fileEncoding = 4; lastKnownFileType = "sourcecode.module-map"; path = module.modulemap; sourceTree = "<group>"; };
		A36962D91BBD19CB00F9F4EC /* EgoEditor.app */ = {isa = PBXFileReference; explicitFileType = wrapper.application; includeInIndex = 0; path = EgoEditor.app; sourceTree = BUILT_PRODUCTS_DIR; };
		A36962DC1BBD19CB00F9F4EC /* AppDelegate.swift */ = {isa = PBXFileReference; lastKnownFileType = sourcecode.swift; path = AppDelegate.swift; sourceTree = "<group>"; };
		A36962DE1BBD19CB00F9F4EC /* ViewController.swift */ = {isa = PBXFileReference; lastKnownFileType = sourcecode.swift; path = ViewController.swift; sourceTree = "<group>"; };
		A36962E01BBD19CB00F9F4EC /* PSSGDocument.swift */ = {isa = PBXFileReference; lastKnownFileType = sourcecode.swift; path = PSSGDocument.swift; sourceTree = "<group>"; };
		A36962E21BBD19CB00F9F4EC /* Assets.xcassets */ = {isa = PBXFileReference; lastKnownFileType = folder.assetcatalog; path = Assets.xcassets; sourceTree = "<group>"; };
		A36962E51BBD19CB00F9F4EC /* Base */ = {isa = PBXFileReference; lastKnownFileType = file.storyboard; name = Base; path = Base.lproj/Main.storyboard; sourceTree = "<group>"; };
		A36962E71BBD19CB00F9F4EC /* Info.plist */ = {isa = PBXFileReference; lastKnownFileType = text.plist.xml; path = Info.plist; sourceTree = "<group>"; };
		A36962EC1BBD19CB00F9F4EC /* EgoEditorTests.xctest */ = {isa = PBXFileReference; explicitFileType = wrapper.cfbundle; includeInIndex = 0; path = EgoEditorTests.xctest; sourceTree = BUILT_PRODUCTS_DIR; };
		A36962F01BBD19CB00F9F4EC /* EgoEditorTests.swift */ = {isa = PBXFileReference; lastKnownFileType = sourcecode.swift; path = EgoEditorTests.swift; sourceTree = "<group>"; };
		A36962F21BBD19CB00F9F4EC /* Info.plist */ = {isa = PBXFileReference; lastKnownFileType = text.plist.xml; path = Info.plist; sourceTree = "<group>"; };
		A36962FB1BBD19CB00F9F4EC /* EgoEditorUITests.swift */ = {isa = PBXFileReference; lastKnownFileType = sourcecode.swift; path = EgoEditorUITests.swift; sourceTree = "<group>"; };
		A36962FD1BBD19CB00F9F4EC /* Info.plist */ = {isa = PBXFileReference; lastKnownFileType = text.plist.xml; path = Info.plist; sourceTree = "<group>"; };
		A36979B61BBE1B4200420595 /* NSData+Extensions.swift */ = {isa = PBXFileReference; fileEncoding = 4; lastKnownFileType = sourcecode.swift; path = "NSData+Extensions.swift"; sourceTree = "<group>"; };
		A36979B81BBE253F00420595 /* SceneEditorViewController.swift */ = {isa = PBXFileReference; fileEncoding = 4; lastKnownFileType = sourcecode.swift; path = SceneEditorViewController.swift; sourceTree = "<group>"; };
		A36979BA1BBE2DF600420595 /* SceneEditorView.swift */ = {isa = PBXFileReference; fileEncoding = 4; lastKnownFileType = sourcecode.swift; path = SceneEditorView.swift; sourceTree = "<group>"; };
		A36979BC1BBE2F2100420595 /* PSSGErrorTypes.swift */ = {isa = PBXFileReference; fileEncoding = 4; lastKnownFileType = sourcecode.swift; path = PSSGErrorTypes.swift; sourceTree = "<group>"; };
		A36979BE1BBE354000420595 /* PSSGFile+GeometrySource.swift */ = {isa = PBXFileReference; fileEncoding = 4; lastKnownFileType = sourcecode.swift; path = "PSSGFile+GeometrySource.swift"; sourceTree = "<group>"; };
		A36979C11BBE562400420595 /* ByteBuffer.swift */ = {isa = PBXFileReference; fileEncoding = 4; lastKnownFileType = sourcecode.swift; path = ByteBuffer.swift; sourceTree = "<group>"; };
		A36979C21BBE562400420595 /* ByteOrder.swift */ = {isa = PBXFileReference; fileEncoding = 4; lastKnownFileType = sourcecode.swift; path = ByteOrder.swift; sourceTree = "<group>"; };
		A36979C31BBE562400420595 /* Info_iOS.plist */ = {isa = PBXFileReference; fileEncoding = 4; lastKnownFileType = text.plist.xml; path = Info_iOS.plist; sourceTree = "<group>"; };
		A36979C41BBE562400420595 /* Info_OSX.plist */ = {isa = PBXFileReference; fileEncoding = 4; lastKnownFileType = text.plist.xml; path = Info_OSX.plist; sourceTree = "<group>"; };
		A36979C51BBE562400420595 /* IntegerString.swift */ = {isa = PBXFileReference; fileEncoding = 4; lastKnownFileType = sourcecode.swift; path = IntegerString.swift; sourceTree = "<group>"; };
		A36979C61BBE562400420595 /* Lilliput.h */ = {isa = PBXFileReference; fileEncoding = 4; lastKnownFileType = sourcecode.c.h; path = Lilliput.h; sourceTree = "<group>"; };
		A37BB2FE1BC741C800A81D98 /* pssg.xsd */ = {isa = PBXFileReference; fileEncoding = 4; lastKnownFileType = text.xml; name = pssg.xsd; path = Lilliput/pssg.xsd; sourceTree = "<group>"; };
		A38468471BC31D740001B3CA /* HalfTests.swift */ = {isa = PBXFileReference; fileEncoding = 4; lastKnownFileType = sourcecode.swift; path = HalfTests.swift; sourceTree = "<group>"; };
		A3853EFD1BC0C36F00781C83 /* 6r4_highlod.dae */ = {isa = PBXFileReference; fileEncoding = 4; lastKnownFileType = text.xml.dae; path = 6r4_highlod.dae; sourceTree = "<group>"; };
		A388D4AB1BBD69AA005B5934 /* FileHandle.swift */ = {isa = PBXFileReference; fileEncoding = 4; lastKnownFileType = sourcecode.swift; path = FileHandle.swift; sourceTree = "<group>"; };
		A388D4AD1BBD69B9005B5934 /* PSSGFile.swift */ = {isa = PBXFileReference; fileEncoding = 4; lastKnownFileType = sourcecode.swift; path = PSSGFile.swift; sourceTree = "<group>"; };
		A388D4AF1BBD69C0005B5934 /* PSSGSchema.swift */ = {isa = PBXFileReference; fileEncoding = 4; lastKnownFileType = sourcecode.swift; path = PSSGSchema.swift; sourceTree = "<group>"; };
		A388D4B31BBD739F005B5934 /* EEWindowController.swift */ = {isa = PBXFileReference; fileEncoding = 4; lastKnownFileType = sourcecode.swift; path = EEWindowController.swift; sourceTree = "<group>"; };
		A391E4AF1BC393AC00D3943F /* dds.h */ = {isa = PBXFileReference; fileEncoding = 4; lastKnownFileType = sourcecode.c.h; path = dds.h; sourceTree = "<group>"; };
		A391E4B01BC393AC00D3943F /* dds.m */ = {isa = PBXFileReference; fileEncoding = 4; lastKnownFileType = sourcecode.c.objc; path = dds.m; sourceTree = "<group>"; };
		A392078A1BC3A404008C3613 /* DDSFile.swift */ = {isa = PBXFileReference; fileEncoding = 4; lastKnownFileType = sourcecode.swift; path = DDSFile.swift; sourceTree = "<group>"; };
		A3954EBE1BBFA69B0069FB28 /* MainEditorViewController.swift */ = {isa = PBXFileReference; fileEncoding = 4; lastKnownFileType = sourcecode.swift; path = MainEditorViewController.swift; sourceTree = "<group>"; };
		A3AB4C011BC3616A0080BD3F /* TextureSource.swift */ = {isa = PBXFileReference; fileEncoding = 4; lastKnownFileType = sourcecode.swift; path = TextureSource.swift; sourceTree = "<group>"; };
		A3AB4C031BC3725C0080BD3F /* EgoEditor-Bridging-Header.h */ = {isa = PBXFileReference; lastKnownFileType = sourcecode.c.h; path = "EgoEditor-Bridging-Header.h"; sourceTree = "<group>"; };
		A3C552E91BC26D9900087340 /* NSData+GZIP.swift */ = {isa = PBXFileReference; fileEncoding = 4; lastKnownFileType = sourcecode.swift; path = "NSData+GZIP.swift"; sourceTree = "<group>"; };
		A3C552EB1BC2711000087340 /* libz.tbd */ = {isa = PBXFileReference; lastKnownFileType = "sourcecode.text-based-dylib-definition"; name = libz.tbd; path = usr/lib/libz.tbd; sourceTree = SDKROOT; };
		A3C552ED1BC274FB00087340 /* ByteBuffer+FileHandle.swift */ = {isa = PBXFileReference; fileEncoding = 4; lastKnownFileType = sourcecode.swift; path = "ByteBuffer+FileHandle.swift"; sourceTree = "<group>"; };
		A3D119651BC6203D0035767A /* PSSGFile+ImageAssetSource.swift */ = {isa = PBXFileReference; fileEncoding = 4; lastKnownFileType = sourcecode.swift; path = "PSSGFile+ImageAssetSource.swift"; sourceTree = "<group>"; };
		A3F127951BBF6A3B00105254 /* scene3.dae */ = {isa = PBXFileReference; fileEncoding = 4; lastKnownFileType = text.xml.dae; path = scene3.dae; sourceTree = "<group>"; };
/* End PBXFileReference section */

/* Begin PBXFrameworksBuildPhase section */
		A36962D61BBD19CB00F9F4EC /* Frameworks */ = {
			isa = PBXFrameworksBuildPhase;
			buildActionMask = 2147483647;
			files = (
				A30CD95D1BC47ABE002536EE /* SceneKit.framework in Frameworks */,
				A3C552EC1BC2711000087340 /* libz.tbd in Frameworks */,
			);
			runOnlyForDeploymentPostprocessing = 0;
		};
		A36962E91BBD19CB00F9F4EC /* Frameworks */ = {
			isa = PBXFrameworksBuildPhase;
			buildActionMask = 2147483647;
			files = (
			);
			runOnlyForDeploymentPostprocessing = 0;
		};
/* End PBXFrameworksBuildPhase section */

/* Begin PBXGroup section */
		A33D70D11BC4754300B2A482 /* zlib */ = {
			isa = PBXGroup;
			children = (
				A33D70D21BC4754300B2A482 /* include.h */,
				A33D70D31BC4754300B2A482 /* module.modulemap */,
			);
			path = zlib;
			sourceTree = SOURCE_ROOT;
		};
		A36962D01BBD19CB00F9F4EC = {
			isa = PBXGroup;
			children = (
				A30CD95C1BC47ABE002536EE /* SceneKit.framework */,
				A3C552EB1BC2711000087340 /* libz.tbd */,
				A36962DB1BBD19CB00F9F4EC /* EgoEditor */,
				A36962EF1BBD19CB00F9F4EC /* EgoEditorTests */,
				A36962FA1BBD19CB00F9F4EC /* EgoEditorUITests */,
				A36962DA1BBD19CB00F9F4EC /* Products */,
			);
			sourceTree = "<group>";
		};
		A36962DA1BBD19CB00F9F4EC /* Products */ = {
			isa = PBXGroup;
			children = (
				A36962D91BBD19CB00F9F4EC /* EgoEditor.app */,
				A36962EC1BBD19CB00F9F4EC /* EgoEditorTests.xctest */,
			);
			name = Products;
			sourceTree = "<group>";
		};
		A36962DB1BBD19CB00F9F4EC /* EgoEditor */ = {
			isa = PBXGroup;
			children = (
				A33D70D11BC4754300B2A482 /* zlib */,
				A36979C01BBE562400420595 /* Lilliput */,
				A388D4AB1BBD69AA005B5934 /* FileHandle.swift */,
				A37BB2FE1BC741C800A81D98 /* pssg.xsd */,
				A388D4AD1BBD69B9005B5934 /* PSSGFile.swift */,
				A388D4AF1BBD69C0005B5934 /* PSSGSchema.swift */,
				A3C552E91BC26D9900087340 /* NSData+GZIP.swift */,
				A3F127951BBF6A3B00105254 /* scene3.dae */,
				A36962DC1BBD19CB00F9F4EC /* AppDelegate.swift */,
				A36962DE1BBD19CB00F9F4EC /* ViewController.swift */,
				A36962E01BBD19CB00F9F4EC /* PSSGDocument.swift */,
				A36962E21BBD19CB00F9F4EC /* Assets.xcassets */,
				A36962E41BBD19CB00F9F4EC /* Main.storyboard */,
				A36962E71BBD19CB00F9F4EC /* Info.plist */,
				A388D4B31BBD739F005B5934 /* EEWindowController.swift */,
				A36979B61BBE1B4200420595 /* NSData+Extensions.swift */,
				A36979B81BBE253F00420595 /* SceneEditorViewController.swift */,
				A36979BA1BBE2DF600420595 /* SceneEditorView.swift */,
				A36979BC1BBE2F2100420595 /* PSSGErrorTypes.swift */,
				A36979BE1BBE354000420595 /* PSSGFile+GeometrySource.swift */,
				A3D119651BC6203D0035767A /* PSSGFile+ImageAssetSource.swift */,
				A3954EBE1BBFA69B0069FB28 /* MainEditorViewController.swift */,
				A3C552ED1BC274FB00087340 /* ByteBuffer+FileHandle.swift */,
				A335C17C1BC2A13F009AB7A3 /* Extensions.swift */,
				A3AB4C011BC3616A0080BD3F /* TextureSource.swift */,
				A3AB4C031BC3725C0080BD3F /* EgoEditor-Bridging-Header.h */,
				A392078A1BC3A404008C3613 /* DDSFile.swift */,
			);
			path = EgoEditor;
			sourceTree = "<group>";
		};
		A36962EF1BBD19CB00F9F4EC /* EgoEditorTests */ = {
			isa = PBXGroup;
			children = (
				A36962F01BBD19CB00F9F4EC /* EgoEditorTests.swift */,
				A36962F21BBD19CB00F9F4EC /* Info.plist */,
				A38468471BC31D740001B3CA /* HalfTests.swift */,
			);
			path = EgoEditorTests;
			sourceTree = "<group>";
		};
		A36962FA1BBD19CB00F9F4EC /* EgoEditorUITests */ = {
			isa = PBXGroup;
			children = (
				A36962FB1BBD19CB00F9F4EC /* EgoEditorUITests.swift */,
				A36962FD1BBD19CB00F9F4EC /* Info.plist */,
			);
			path = EgoEditorUITests;
			sourceTree = "<group>";
		};
		A36979C01BBE562400420595 /* Lilliput */ = {
			isa = PBXGroup;
			children = (
				A391E4AF1BC393AC00D3943F /* dds.h */,
				A391E4B01BC393AC00D3943F /* dds.m */,
				A3853EFD1BC0C36F00781C83 /* 6r4_highlod.dae */,
				A36979C11BBE562400420595 /* ByteBuffer.swift */,
				A36979C21BBE562400420595 /* ByteOrder.swift */,
				A36979C31BBE562400420595 /* Info_iOS.plist */,
				A36979C41BBE562400420595 /* Info_OSX.plist */,
				A36979C51BBE562400420595 /* IntegerString.swift */,
				A36979C61BBE562400420595 /* Lilliput.h */,
			);
			path = Lilliput;
			sourceTree = "<group>";
		};
/* End PBXGroup section */

/* Begin PBXNativeTarget section */
		A36962D81BBD19CB00F9F4EC /* EgoEditor */ = {
			isa = PBXNativeTarget;
			buildConfigurationList = A36963001BBD19CB00F9F4EC /* Build configuration list for PBXNativeTarget "EgoEditor" */;
			buildPhases = (
				A36962D51BBD19CB00F9F4EC /* Sources */,
				A36962D61BBD19CB00F9F4EC /* Frameworks */,
				A36962D71BBD19CB00F9F4EC /* Resources */,
			);
			buildRules = (
			);
			dependencies = (
			);
			name = EgoEditor;
			productName = EgoEditor;
			productReference = A36962D91BBD19CB00F9F4EC /* EgoEditor.app */;
			productType = "com.apple.product-type.application";
		};
		A36962EB1BBD19CB00F9F4EC /* EgoEditorTests */ = {
			isa = PBXNativeTarget;
			buildConfigurationList = A36963031BBD19CB00F9F4EC /* Build configuration list for PBXNativeTarget "EgoEditorTests" */;
			buildPhases = (
				A36962E81BBD19CB00F9F4EC /* Sources */,
				A36962E91BBD19CB00F9F4EC /* Frameworks */,
				A36962EA1BBD19CB00F9F4EC /* Resources */,
			);
			buildRules = (
			);
			dependencies = (
				A36962EE1BBD19CB00F9F4EC /* PBXTargetDependency */,
			);
			name = EgoEditorTests;
			productName = EgoEditorTests;
			productReference = A36962EC1BBD19CB00F9F4EC /* EgoEditorTests.xctest */;
			productType = "com.apple.product-type.bundle.unit-test";
		};
/* End PBXNativeTarget section */

/* Begin PBXProject section */
		A36962D11BBD19CB00F9F4EC /* Project object */ = {
			isa = PBXProject;
			attributes = {
				LastSwiftUpdateCheck = 0700;
				LastUpgradeCheck = 0700;
				ORGANIZATIONNAME = "Benjamin Johnson";
				TargetAttributes = {
					A36962D81BBD19CB00F9F4EC = {
						CreatedOnToolsVersion = 7.0;
					};
					A36962EB1BBD19CB00F9F4EC = {
						CreatedOnToolsVersion = 7.0;
						TestTargetID = A36962D81BBD19CB00F9F4EC;
					};
				};
			};
			buildConfigurationList = A36962D41BBD19CB00F9F4EC /* Build configuration list for PBXProject "EgoEditor" */;
			compatibilityVersion = "Xcode 3.2";
			developmentRegion = English;
			hasScannedForEncodings = 0;
			knownRegions = (
				en,
				Base,
			);
			mainGroup = A36962D01BBD19CB00F9F4EC;
			productRefGroup = A36962DA1BBD19CB00F9F4EC /* Products */;
			projectDirPath = "";
			projectRoot = "";
			targets = (
				A36962D81BBD19CB00F9F4EC /* EgoEditor */,
				A36962EB1BBD19CB00F9F4EC /* EgoEditorTests */,
			);
		};
/* End PBXProject section */

/* Begin PBXResourcesBuildPhase section */
		A36962D71BBD19CB00F9F4EC /* Resources */ = {
			isa = PBXResourcesBuildPhase;
			buildActionMask = 2147483647;
			files = (
				A36962E31BBD19CB00F9F4EC /* Assets.xcassets in Resources */,
				A37BB2FF1BC741C800A81D98 /* pssg.xsd in Resources */,
				A36979CA1BBE562400420595 /* Info_OSX.plist in Resources */,
				A36979C91BBE562400420595 /* Info_iOS.plist in Resources */,
				A36962E61BBD19CB00F9F4EC /* Main.storyboard in Resources */,
				A3853EFE1BC0C36F00781C83 /* 6r4_highlod.dae in Resources */,
				A3F127961BBF6A3B00105254 /* scene3.dae in Resources */,
			);
			runOnlyForDeploymentPostprocessing = 0;
		};
		A36962EA1BBD19CB00F9F4EC /* Resources */ = {
			isa = PBXResourcesBuildPhase;
			buildActionMask = 2147483647;
			files = (
			);
			runOnlyForDeploymentPostprocessing = 0;
		};
/* End PBXResourcesBuildPhase section */

/* Begin PBXSourcesBuildPhase section */
		A36962D51BBD19CB00F9F4EC /* Sources */ = {
			isa = PBXSourcesBuildPhase;
			buildActionMask = 2147483647;
			files = (
				A36979BB1BBE2DF600420595 /* SceneEditorView.swift in Sources */,
				A36962DF1BBD19CB00F9F4EC /* ViewController.swift in Sources */,
				A36979CB1BBE562400420595 /* IntegerString.swift in Sources */,
				A391E4B11BC393AC00D3943F /* dds.m in Sources */,
				A3D119661BC6203D0035767A /* PSSGFile+ImageAssetSource.swift in Sources */,
				A3AB4C021BC3616A0080BD3F /* TextureSource.swift in Sources */,
				A3C552EA1BC26D9900087340 /* NSData+GZIP.swift in Sources */,
				A36979C81BBE562400420595 /* ByteOrder.swift in Sources */,
				A36979BF1BBE354000420595 /* PSSGFile+GeometrySource.swift in Sources */,
				A36979BD1BBE2F2100420595 /* PSSGErrorTypes.swift in Sources */,
				A36979B71BBE1B4200420595 /* NSData+Extensions.swift in Sources */,
				A36962DD1BBD19CB00F9F4EC /* AppDelegate.swift in Sources */,
				A36962E11BBD19CB00F9F4EC /* PSSGDocument.swift in Sources */,
				A388D4AE1BBD69B9005B5934 /* PSSGFile.swift in Sources */,
				A36979C71BBE562400420595 /* ByteBuffer.swift in Sources */,
				A36979B91BBE253F00420595 /* SceneEditorViewController.swift in Sources */,
				A335C17D1BC2A13F009AB7A3 /* Extensions.swift in Sources */,
				A388D4AC1BBD69AA005B5934 /* FileHandle.swift in Sources */,
				A3C552EE1BC274FB00087340 /* ByteBuffer+FileHandle.swift in Sources */,
				A392078B1BC3A404008C3613 /* DDSFile.swift in Sources */,
				A388D4B01BBD69C0005B5934 /* PSSGSchema.swift in Sources */,
				A3954EBF1BBFA69B0069FB28 /* MainEditorViewController.swift in Sources */,
				A388D4B41BBD739F005B5934 /* EEWindowController.swift in Sources */,
			);
			runOnlyForDeploymentPostprocessing = 0;
		};
		A36962E81BBD19CB00F9F4EC /* Sources */ = {
			isa = PBXSourcesBuildPhase;
			buildActionMask = 2147483647;
			files = (
				A38468481BC31D740001B3CA /* HalfTests.swift in Sources */,
				A36962F11BBD19CB00F9F4EC /* EgoEditorTests.swift in Sources */,
			);
			runOnlyForDeploymentPostprocessing = 0;
		};
/* End PBXSourcesBuildPhase section */

/* Begin PBXTargetDependency section */
		A36962EE1BBD19CB00F9F4EC /* PBXTargetDependency */ = {
			isa = PBXTargetDependency;
			target = A36962D81BBD19CB00F9F4EC /* EgoEditor */;
			targetProxy = A36962ED1BBD19CB00F9F4EC /* PBXContainerItemProxy */;
		};
/* End PBXTargetDependency section */

/* Begin PBXVariantGroup section */
		A36962E41BBD19CB00F9F4EC /* Main.storyboard */ = {
			isa = PBXVariantGroup;
			children = (
				A36962E51BBD19CB00F9F4EC /* Base */,
			);
			name = Main.storyboard;
			sourceTree = "<group>";
		};
/* End PBXVariantGroup section */

/* Begin XCBuildConfiguration section */
		A36962FE1BBD19CB00F9F4EC /* Debug */ = {
			isa = XCBuildConfiguration;
			buildSettings = {
				ALWAYS_SEARCH_USER_PATHS = NO;
				CLANG_CXX_LANGUAGE_STANDARD = "gnu++0x";
				CLANG_CXX_LIBRARY = "libc++";
				CLANG_ENABLE_MODULES = YES;
				CLANG_ENABLE_OBJC_ARC = YES;
				CLANG_WARN_BOOL_CONVERSION = YES;
				CLANG_WARN_CONSTANT_CONVERSION = YES;
				CLANG_WARN_DIRECT_OBJC_ISA_USAGE = YES_ERROR;
				CLANG_WARN_EMPTY_BODY = YES;
				CLANG_WARN_ENUM_CONVERSION = YES;
				CLANG_WARN_INT_CONVERSION = YES;
				CLANG_WARN_OBJC_ROOT_CLASS = YES_ERROR;
				CLANG_WARN_UNREACHABLE_CODE = YES;
				CLANG_WARN__DUPLICATE_METHOD_MATCH = YES;
				CODE_SIGN_IDENTITY = "-";
				COPY_PHASE_STRIP = NO;
				DEBUG_INFORMATION_FORMAT = dwarf;
				ENABLE_STRICT_OBJC_MSGSEND = YES;
				ENABLE_TESTABILITY = YES;
				GCC_C_LANGUAGE_STANDARD = gnu99;
				GCC_DYNAMIC_NO_PIC = NO;
				GCC_NO_COMMON_BLOCKS = YES;
				GCC_OPTIMIZATION_LEVEL = 0;
				GCC_PREPROCESSOR_DEFINITIONS = (
					"DEBUG=1",
					"$(inherited)",
				);
				GCC_WARN_64_TO_32_BIT_CONVERSION = YES;
				GCC_WARN_ABOUT_RETURN_TYPE = YES_ERROR;
				GCC_WARN_UNDECLARED_SELECTOR = YES;
				GCC_WARN_UNINITIALIZED_AUTOS = YES_AGGRESSIVE;
				GCC_WARN_UNUSED_FUNCTION = YES;
				GCC_WARN_UNUSED_VARIABLE = YES;
				MACOSX_DEPLOYMENT_TARGET = 10.10;
				MTL_ENABLE_DEBUG_INFO = YES;
				ONLY_ACTIVE_ARCH = YES;
				SDKROOT = macosx;
				SWIFT_OPTIMIZATION_LEVEL = "-Onone";
			};
			name = Debug;
		};
		A36962FF1BBD19CB00F9F4EC /* Release */ = {
			isa = XCBuildConfiguration;
			buildSettings = {
				ALWAYS_SEARCH_USER_PATHS = NO;
				CLANG_CXX_LANGUAGE_STANDARD = "gnu++0x";
				CLANG_CXX_LIBRARY = "libc++";
				CLANG_ENABLE_MODULES = YES;
				CLANG_ENABLE_OBJC_ARC = YES;
				CLANG_WARN_BOOL_CONVERSION = YES;
				CLANG_WARN_CONSTANT_CONVERSION = YES;
				CLANG_WARN_DIRECT_OBJC_ISA_USAGE = YES_ERROR;
				CLANG_WARN_EMPTY_BODY = YES;
				CLANG_WARN_ENUM_CONVERSION = YES;
				CLANG_WARN_INT_CONVERSION = YES;
				CLANG_WARN_OBJC_ROOT_CLASS = YES_ERROR;
				CLANG_WARN_UNREACHABLE_CODE = YES;
				CLANG_WARN__DUPLICATE_METHOD_MATCH = YES;
				CODE_SIGN_IDENTITY = "-";
				COPY_PHASE_STRIP = NO;
				DEBUG_INFORMATION_FORMAT = "dwarf-with-dsym";
				ENABLE_NS_ASSERTIONS = NO;
				ENABLE_STRICT_OBJC_MSGSEND = YES;
				GCC_C_LANGUAGE_STANDARD = gnu99;
				GCC_NO_COMMON_BLOCKS = YES;
				GCC_WARN_64_TO_32_BIT_CONVERSION = YES;
				GCC_WARN_ABOUT_RETURN_TYPE = YES_ERROR;
				GCC_WARN_UNDECLARED_SELECTOR = YES;
				GCC_WARN_UNINITIALIZED_AUTOS = YES_AGGRESSIVE;
				GCC_WARN_UNUSED_FUNCTION = YES;
				GCC_WARN_UNUSED_VARIABLE = YES;
				MACOSX_DEPLOYMENT_TARGET = 10.10;
				MTL_ENABLE_DEBUG_INFO = NO;
				SDKROOT = macosx;
			};
			name = Release;
		};
		A36963011BBD19CB00F9F4EC /* Debug */ = {
			isa = XCBuildConfiguration;
			buildSettings = {
				ASSETCATALOG_COMPILER_APPICON_NAME = AppIcon;
				CLANG_ENABLE_MODULES = YES;
				COMBINE_HIDPI_IMAGES = YES;
				INFOPLIST_FILE = EgoEditor/Info.plist;
				LD_RUNPATH_SEARCH_PATHS = "$(inherited) @executable_path/../Frameworks";
				PRODUCT_BUNDLE_IDENTIFIER = benjamin.EgoEditor;
				PRODUCT_NAME = "$(TARGET_NAME)";
				SWIFT_INCLUDE_PATHS = zlib;
				SWIFT_OBJC_BRIDGING_HEADER = "EgoEditor/EgoEditor-Bridging-Header.h";
				SWIFT_OPTIMIZATION_LEVEL = "-Onone";
			};
			name = Debug;
		};
		A36963021BBD19CB00F9F4EC /* Release */ = {
			isa = XCBuildConfiguration;
			buildSettings = {
				ASSETCATALOG_COMPILER_APPICON_NAME = AppIcon;
				CLANG_ENABLE_MODULES = YES;
				COMBINE_HIDPI_IMAGES = YES;
				INFOPLIST_FILE = EgoEditor/Info.plist;
				LD_RUNPATH_SEARCH_PATHS = "$(inherited) @executable_path/../Frameworks";
				PRODUCT_BUNDLE_IDENTIFIER = benjamin.EgoEditor;
				PRODUCT_NAME = "$(TARGET_NAME)";
				SWIFT_INCLUDE_PATHS = zlib;
				SWIFT_OBJC_BRIDGING_HEADER = "EgoEditor/EgoEditor-Bridging-Header.h";
			};
			name = Release;
		};
		A36963041BBD19CB00F9F4EC /* Debug */ = {
			isa = XCBuildConfiguration;
			buildSettings = {
				BUNDLE_LOADER = "$(TEST_HOST)";
				COMBINE_HIDPI_IMAGES = YES;
				INFOPLIST_FILE = EgoEditorTests/Info.plist;
				LD_RUNPATH_SEARCH_PATHS = "$(inherited) @executable_path/../Frameworks @loader_path/../Frameworks";
				PRODUCT_BUNDLE_IDENTIFIER = benjamin.EgoEditorTests;
				PRODUCT_NAME = "$(TARGET_NAME)";
				TEST_HOST = "$(BUILT_PRODUCTS_DIR)/EgoEditor.app/Contents/MacOS/EgoEditor";
			};
			name = Debug;
		};
		A36963051BBD19CB00F9F4EC /* Release */ = {
			isa = XCBuildConfiguration;
			buildSettings = {
				BUNDLE_LOADER = "$(TEST_HOST)";
				COMBINE_HIDPI_IMAGES = YES;
				INFOPLIST_FILE = EgoEditorTests/Info.plist;
				LD_RUNPATH_SEARCH_PATHS = "$(inherited) @executable_path/../Frameworks @loader_path/../Frameworks";
				PRODUCT_BUNDLE_IDENTIFIER = benjamin.EgoEditorTests;
				PRODUCT_NAME = "$(TARGET_NAME)";
				TEST_HOST = "$(BUILT_PRODUCTS_DIR)/EgoEditor.app/Contents/MacOS/EgoEditor";
			};
			name = Release;
		};
/* End XCBuildConfiguration section */

/* Begin XCConfigurationList section */
		A36962D41BBD19CB00F9F4EC /* Build configuration list for PBXProject "EgoEditor" */ = {
			isa = XCConfigurationList;
			buildConfigurations = (
				A36962FE1BBD19CB00F9F4EC /* Debug */,
				A36962FF1BBD19CB00F9F4EC /* Release */,
			);
			defaultConfigurationIsVisible = 0;
			defaultConfigurationName = Release;
		};
		A36963001BBD19CB00F9F4EC /* Build configuration list for PBXNativeTarget "EgoEditor" */ = {
			isa = XCConfigurationList;
			buildConfigurations = (
				A36963011BBD19CB00F9F4EC /* Debug */,
				A36963021BBD19CB00F9F4EC /* Release */,
			);
			defaultConfigurationIsVisible = 0;
			defaultConfigurationName = Release;
		};
		A36963031BBD19CB00F9F4EC /* Build configuration list for PBXNativeTarget "EgoEditorTests" */ = {
			isa = XCConfigurationList;
			buildConfigurations = (
				A36963041BBD19CB00F9F4EC /* Debug */,
				A36963051BBD19CB00F9F4EC /* Release */,
			);
			defaultConfigurationIsVisible = 0;
			defaultConfigurationName = Release;
		};
/* End XCConfigurationList section */
	};
	rootObject = A36962D11BBD19CB00F9F4EC /* Project object */;
}
